
Microsoft Visual Studio Solution File, Format Version 12.00
# Visual Studio Version 16
VisualStudioVersion = 16.0.30717.126
MinimumVisualStudioVersion = 10.0.40219.1
Project("{9A19103F-16F7-4668-BE54-9A1E7A4F7556}") = "Diagonal Difference", "Diagonal Difference\Diagonal Difference.csproj", "{B1DD6018-C7F2-4C47-A387-07A872DBB191}"
EndProject
Project("{9A19103F-16F7-4668-BE54-9A1E7A4F7556}") = "2X2 Squares in Matrix", "2X2 Squares in Matrix\2X2 Squares in Matrix.csproj", "{95030EDC-2BFE-42DA-9D80-0FF2381E6C4A}"
EndProject
Project("{9A19103F-16F7-4668-BE54-9A1E7A4F7556}") = "Maximal Sum", "Maximal Sum\Maximal Sum.csproj", "{99BA1E44-DE26-445A-8CB3-2EA8A18D2C10}"
EndProject
Project("{9A19103F-16F7-4668-BE54-9A1E7A4F7556}") = "Matrix Shuffling", "Matrix Shuffling\Matrix Shuffling.csproj", "{AF218EAA-8D21-433E-8A76-8C7E96A942DA}"
EndProject
Project("{9A19103F-16F7-4668-BE54-9A1E7A4F7556}") = "Snake Moves", "Snake Moves\Snake Moves.csproj", "{4968157D-1A85-4607-B139-8A82C44FAE6B}"
EndProject
Project("{9A19103F-16F7-4668-BE54-9A1E7A4F7556}") = "Jagged Array Manipulator", "Jagged Array Manipulator\Jagged Array Manipulator.csproj", "{1B9851C3-1BB9-4B04-AB33-7881AE1BC27B}"
EndProject
Project("{9A19103F-16F7-4668-BE54-9A1E7A4F7556}") = "Knight Game", "Knight Game\Knight Game.csproj", "{2A5BDF16-B81E-4E94-B6A0-29D76E0E6BD3}"
EndProject
Project("{9A19103F-16F7-4668-BE54-9A1E7A4F7556}") = "Bombs", "Bombs\Bombs.csproj", "{43D67D85-9B33-4AC4-AC12-7040A1123F86}"
EndProject
Project("{FAE04EC0-301F-11D3-BF4B-00C04F79EFBC}") = "Miner", "Miner\Miner.csproj", "{1F7602A3-E032-4E3E-A16B-BC7184C9813D}"
EndProject
Project("{FAE04EC0-301F-11D3-BF4B-00C04F79EFBC}") = "10. Radioactive Mutant Vampire Bunnies", "10. Radioactive Mutant Vampire Bunnies\10. Radioactive Mutant Vampire Bunnies.csproj", "{562E9952-A61D-49B1-BCC7-43436D3655C7}"
EndProject
Global
	GlobalSection(SolutionConfigurationPlatforms) = preSolution
		Debug|Any CPU = Debug|Any CPU
		Release|Any CPU = Release|Any CPU
	EndGlobalSection
	GlobalSection(ProjectConfigurationPlatforms) = postSolution
		{B1DD6018-C7F2-4C47-A387-07A872DBB191}.Debug|Any CPU.ActiveCfg = Debug|Any CPU
		{B1DD6018-C7F2-4C47-A387-07A872DBB191}.Debug|Any CPU.Build.0 = Debug|Any CPU
		{B1DD6018-C7F2-4C47-A387-07A872DBB191}.Release|Any CPU.ActiveCfg = Release|Any CPU
		{B1DD6018-C7F2-4C47-A387-07A872DBB191}.Release|Any CPU.Build.0 = Release|Any CPU
		{95030EDC-2BFE-42DA-9D80-0FF2381E6C4A}.Debug|Any CPU.ActiveCfg = Debug|Any CPU
		{95030EDC-2BFE-42DA-9D80-0FF2381E6C4A}.Debug|Any CPU.Build.0 = Debug|Any CPU
		{95030EDC-2BFE-42DA-9D80-0FF2381E6C4A}.Release|Any CPU.ActiveCfg = Release|Any CPU
		{95030EDC-2BFE-42DA-9D80-0FF2381E6C4A}.Release|Any CPU.Build.0 = Release|Any CPU
		{99BA1E44-DE26-445A-8CB3-2EA8A18D2C10}.Debug|Any CPU.ActiveCfg = Debug|Any CPU
		{99BA1E44-DE26-445A-8CB3-2EA8A18D2C10}.Debug|Any CPU.Build.0 = Debug|Any CPU
		{99BA1E44-DE26-445A-8CB3-2EA8A18D2C10}.Release|Any CPU.ActiveCfg = Release|Any CPU
		{99BA1E44-DE26-445A-8CB3-2EA8A18D2C10}.Release|Any CPU.Build.0 = Release|Any CPU
		{AF218EAA-8D21-433E-8A76-8C7E96A942DA}.Debug|Any CPU.ActiveCfg = Debug|Any CPU
		{AF218EAA-8D21-433E-8A76-8C7E96A942DA}.Debug|Any CPU.Build.0 = Debug|Any CPU
		{AF218EAA-8D21-433E-8A76-8C7E96A942DA}.Release|Any CPU.ActiveCfg = Release|Any CPU
		{AF218EAA-8D21-433E-8A76-8C7E96A942DA}.Release|Any CPU.Build.0 = Release|Any CPU
		{4968157D-1A85-4607-B139-8A82C44FAE6B}.Debug|Any CPU.ActiveCfg = Debug|Any CPU
		{4968157D-1A85-4607-B139-8A82C44FAE6B}.Debug|Any CPU.Build.0 = Debug|Any CPU
		{4968157D-1A85-4607-B139-8A82C44FAE6B}.Release|Any CPU.ActiveCfg = Release|Any CPU
		{4968157D-1A85-4607-B139-8A82C44FAE6B}.Release|Any CPU.Build.0 = Release|Any CPU
		{1B9851C3-1BB9-4B04-AB33-7881AE1BC27B}.Debug|Any CPU.ActiveCfg = Debug|Any CPU
		{1B9851C3-1BB9-4B04-AB33-7881AE1BC27B}.Debug|Any CPU.Build.0 = Debug|Any CPU
		{1B9851C3-1BB9-4B04-AB33-7881AE1BC27B}.Release|Any CPU.ActiveCfg = Release|Any CPU
		{1B9851C3-1BB9-4B04-AB33-7881AE1BC27B}.Release|Any CPU.Build.0 = Release|Any CPU
		{2A5BDF16-B81E-4E94-B6A0-29D76E0E6BD3}.Debug|Any CPU.ActiveCfg = Debug|Any CPU
		{2A5BDF16-B81E-4E94-B6A0-29D76E0E6BD3}.Debug|Any CPU.Build.0 = Debug|Any CPU
		{2A5BDF16-B81E-4E94-B6A0-29D76E0E6BD3}.Release|Any CPU.ActiveCfg = Release|Any CPU
		{2A5BDF16-B81E-4E94-B6A0-29D76E0E6BD3}.Release|Any CPU.Build.0 = Release|Any CPU
		{43D67D85-9B33-4AC4-AC12-7040A1123F86}.Debug|Any CPU.ActiveCfg = Debug|Any CPU
		{43D67D85-9B33-4AC4-AC12-7040A1123F86}.Debug|Any CPU.Build.0 = Debug|Any CPU
		{43D67D85-9B33-4AC4-AC12-7040A1123F86}.Release|Any CPU.ActiveCfg = Release|Any CPU
		{43D67D85-9B33-4AC4-AC12-7040A1123F86}.Release|Any CPU.Build.0 = Release|Any CPU
		{1F7602A3-E032-4E3E-A16B-BC7184C9813D}.Debug|Any CPU.ActiveCfg = Debug|Any CPU
		{1F7602A3-E032-4E3E-A16B-BC7184C9813D}.Debug|Any CPU.Build.0 = Debug|Any CPU
		{1F7602A3-E032-4E3E-A16B-BC7184C9813D}.Release|Any CPU.ActiveCfg = Release|Any CPU
		{1F7602A3-E032-4E3E-A16B-BC7184C9813D}.Release|Any CPU.Build.0 = Release|Any CPU
		{562E9952-A61D-49B1-BCC7-43436D3655C7}.Debug|Any CPU.ActiveCfg = Debug|Any CPU
		{562E9952-A61D-49B1-BCC7-43436D3655C7}.Debug|Any CPU.Build.0 = Debug|Any CPU
		{562E9952-A61D-49B1-BCC7-43436D3655C7}.Release|Any CPU.ActiveCfg = Release|Any CPU
		{562E9952-A61D-49B1-BCC7-43436D3655C7}.Release|Any CPU.Build.0 = Release|Any CPU
	EndGlobalSection
	GlobalSection(SolutionProperties) = preSolution
		HideSolutionNode = FALSE
	EndGlobalSection
	GlobalSection(ExtensibilityGlobals) = postSolution
		SolutionGuid = {062A9CDB-A49E-4CC9-B44E-B628F438EF84}
	EndGlobalSection
EndGlobal
